
Microsoft Visual Studio Solution File, Format Version 12.00
# Visual Studio Version 17
VisualStudioVersion = 17.3.32819.101
MinimumVisualStudioVersion = 10.0.40219.1
Project("{FAE04EC0-301F-11D3-BF4B-00C04F79EFBC}") = "Restaurant", "Restaurant.csproj", "{10635245-8CC2-4F76-9966-8EB6616A8E0C}"
EndProject
Project("{FAE04EC0-301F-11D3-BF4B-00C04F79EFBC}") = "DataLayer", "DataLayer\DataLayer.csproj", "{4DCBCDEF-43CD-4F26-A037-B3198F3896C1}"
EndProject
Global
	GlobalSection(SolutionConfigurationPlatforms) = preSolution
		Debug|Any CPU = Debug|Any CPU
		Release|Any CPU = Release|Any CPU
	EndGlobalSection
	GlobalSection(ProjectConfigurationPlatforms) = postSolution
		{10635245-8CC2-4F76-9966-8EB6616A8E0C}.Debug|Any CPU.ActiveCfg = Debug|Any CPU
		{10635245-8CC2-4F76-9966-8EB6616A8E0C}.Debug|Any CPU.Build.0 = Debug|Any CPU
		{10635245-8CC2-4F76-9966-8EB6616A8E0C}.Release|Any CPU.ActiveCfg = Release|Any CPU
		{10635245-8CC2-4F76-9966-8EB6616A8E0C}.Release|Any CPU.Build.0 = Release|Any CPU
		{4DCBCDEF-43CD-4F26-A037-B3198F3896C1}.Debug|Any CPU.ActiveCfg = Debug|Any CPU
		{4DCBCDEF-43CD-4F26-A037-B3198F3896C1}.Debug|Any CPU.Build.0 = Debug|Any CPU
		{4DCBCDEF-43CD-4F26-A037-B3198F3896C1}.Release|Any CPU.ActiveCfg = Release|Any CPU
		{4DCBCDEF-43CD-4F26-A037-B3198F3896C1}.Release|Any CPU.Build.0 = Release|Any CPU
	EndGlobalSection
	GlobalSection(SolutionProperties) = preSolution
		HideSolutionNode = FALSE
	EndGlobalSection
	GlobalSection(ExtensibilityGlobals) = postSolution
		SolutionGuid = {C46EA63D-1BD7-4EA1-8432-8535C4399F8C}
	EndGlobalSection
EndGlobal
